
Microsoft Visual Studio Solution File, Format Version 12.00
Project("{2150E333-8FDC-42A3-9474-1A3956D46DE8}") = "src", "src", "{2D600440-F2E1-4E25-A165-2133FF7D42F4}"
EndProject
Project("{2150E333-8FDC-42A3-9474-1A3956D46DE8}") = "tests", "tests", "{E5C8120E-C28F-4EB8-A2C1-F936E43E777A}"
EndProject
Project("{FAE04EC0-301F-11D3-BF4B-00C04F79EFBC}") = "Codeflix.Catalog.UnitTests", "tests\Codeflix.Catalog.UnitTests\Codeflix.Catalog.UnitTests.csproj", "{33BC93F7-93C8-4FBE-B91A-FB54D30D37A6}"
EndProject
Project("{FAE04EC0-301F-11D3-BF4B-00C04F79EFBC}") = "Codeflix.Catalog.Domain", "src\Codeflix.Catalog.Domain\Codeflix.Catalog.Domain.csproj", "{0BFE0FE4-A25E-44FD-A1C6-46C42DCCE917}"
EndProject
Global
	GlobalSection(SolutionConfigurationPlatforms) = preSolution
		Debug|Any CPU = Debug|Any CPU
		Release|Any CPU = Release|Any CPU
	EndGlobalSection
	GlobalSection(NestedProjects) = preSolution
		{33BC93F7-93C8-4FBE-B91A-FB54D30D37A6} = {E5C8120E-C28F-4EB8-A2C1-F936E43E777A}
		{0BFE0FE4-A25E-44FD-A1C6-46C42DCCE917} = {2D600440-F2E1-4E25-A165-2133FF7D42F4}
	EndGlobalSection
	GlobalSection(ProjectConfigurationPlatforms) = postSolution
		{33BC93F7-93C8-4FBE-B91A-FB54D30D37A6}.Debug|Any CPU.ActiveCfg = Debug|Any CPU
		{33BC93F7-93C8-4FBE-B91A-FB54D30D37A6}.Debug|Any CPU.Build.0 = Debug|Any CPU
		{33BC93F7-93C8-4FBE-B91A-FB54D30D37A6}.Release|Any CPU.ActiveCfg = Release|Any CPU
		{33BC93F7-93C8-4FBE-B91A-FB54D30D37A6}.Release|Any CPU.Build.0 = Release|Any CPU
		{0BFE0FE4-A25E-44FD-A1C6-46C42DCCE917}.Debug|Any CPU.ActiveCfg = Debug|Any CPU
		{0BFE0FE4-A25E-44FD-A1C6-46C42DCCE917}.Debug|Any CPU.Build.0 = Debug|Any CPU
		{0BFE0FE4-A25E-44FD-A1C6-46C42DCCE917}.Release|Any CPU.ActiveCfg = Release|Any CPU
		{0BFE0FE4-A25E-44FD-A1C6-46C42DCCE917}.Release|Any CPU.Build.0 = Release|Any CPU
	EndGlobalSection
EndGlobal
